<?xml version="1.0" encoding="utf-8"?>
<Project ToolsVersion="4.0" xmlns="http://schemas.microsoft.com/developer/msbuild/2003">
  <ItemGroup>
    <Filter Include="Venders">
      <UniqueIdentifier>{DC2768D3-4807-E76E-511F-7245BD7D4DD0}</UniqueIdentifier>
    </Filter>
    <Filter Include="Venders\VKBootstrap">
      <UniqueIdentifier>{6A1F8CC8-D680-69D6-5FEE-AF88CB4EA095}</UniqueIdentifier>
    </Filter>
    <Filter Include="Venders\VKBootstrap\src">
      <UniqueIdentifier>{81821D67-EDB9-65FE-F6C3-C921627A8CF7}</UniqueIdentifier>
    </Filter>
    <Filter Include="Venders\Volk">
      <UniqueIdentifier>{27004B32-1363-DAD6-BCE8-128DA82AA659}</UniqueIdentifier>
    </Filter>
    <Filter Include="includes">
      <UniqueIdentifier>{1CA10C65-086E-6770-3187-55181DB39CFE}</UniqueIdentifier>
    </Filter>
    <Filter Include="includes\BTDSTD">
      <UniqueIdentifier>{D02A9DBF-3CB6-0A84-45C7-8D78B1D16684}</UniqueIdentifier>
    </Filter>
    <Filter Include="includes\BTDSTD\ECS">
      <UniqueIdentifier>{1A07F14C-8668-CE5A-0FD6-140D7B36051A}</UniqueIdentifier>
    </Filter>
    <Filter Include="includes\BTDSTD\Formats">
      <UniqueIdentifier>{7BA5FE93-E7DC-462B-F0E6-AA4E5C9D6D24}</UniqueIdentifier>
    </Filter>
    <Filter Include="includes\BTDSTD\IO">
      <UniqueIdentifier>{77CAF78D-63AE-B8E3-CC0E-B336B811A365}</UniqueIdentifier>
    </Filter>
    <Filter Include="includes\BTDSTD\Input">
      <UniqueIdentifier>{CFB6AF4D-3B23-6B48-0417-03A670428DB0}</UniqueIdentifier>
    </Filter>
    <Filter Include="includes\BTDSTD\Maps">
      <UniqueIdentifier>{30D116EB-1C60-A0B4-C57E-B4AFB1ECB05A}</UniqueIdentifier>
    </Filter>
    <Filter Include="includes\BTDSTD\Wireframe">
      <UniqueIdentifier>{A152A6AE-0D15-DA38-56C5-68C5C2C6B216}</UniqueIdentifier>
    </Filter>
    <Filter Include="includes\BTDSTD\Wireframe\Core">
      <UniqueIdentifier>{99437188-8569-3BEF-6EAF-C0BA5A7460BB}</UniqueIdentifier>
    </Filter>
    <Filter Include="includes\BTDSTD\Wireframe\Pipeline">
      <UniqueIdentifier>{E67F384D-D2BB-3BB7-3BCE-53AE2729E4D1}</UniqueIdentifier>
    </Filter>
    <Filter Include="includes\BTDSTD\Wireframe\Util">
      <UniqueIdentifier>{8E367B88-7A5C-45EF-63A2-CABA4F676ABB}</UniqueIdentifier>
    </Filter>
    <Filter Include="src">
      <UniqueIdentifier>{2DAB880B-99B4-887C-2230-9F7C8E38947C}</UniqueIdentifier>
    </Filter>
    <Filter Include="src\Platform">
      <UniqueIdentifier>{21CA02E5-0D2D-9289-B6B2-CA3FA2F45D0C}</UniqueIdentifier>
    </Filter>
    <Filter Include="src\Platform\Windows">
      <UniqueIdentifier>{5B054582-4794-CE4B-F0B2-E246DC20DFF1}</UniqueIdentifier>
    </Filter>
    <Filter Include="src\Wireframe">
      <UniqueIdentifier>{3EAB9FE9-AA6B-1B20-73A6-649DDF2560FC}</UniqueIdentifier>
    </Filter>
  </ItemGroup>
  <ItemGroup>
    <ClInclude Include="Venders\VKBootstrap\src\VkBootstrap.h">
      <Filter>Venders\VKBootstrap\src</Filter>
    </ClInclude>
    <ClInclude Include="Venders\VKBootstrap\src\VkBootstrapDispatch.h">
      <Filter>Venders\VKBootstrap\src</Filter>
    </ClInclude>
    <ClInclude Include="Venders\Volk\volk.h">
      <Filter>Venders\Volk</Filter>
    </ClInclude>
    <ClInclude Include="includes\BTDSTD\ECS\ECSManager.hpp">
      <Filter>includes\BTDSTD\ECS</Filter>
    </ClInclude>
    <ClInclude Include="includes\BTDSTD\Formats\json.hpp">
      <Filter>includes\BTDSTD\Formats</Filter>
    </ClInclude>
    <ClInclude Include="includes\BTDSTD\IO\FileDialog.hpp">
      <Filter>includes\BTDSTD\IO</Filter>
    </ClInclude>
    <ClInclude Include="includes\BTDSTD\IO\FileErrors.hpp">
      <Filter>includes\BTDSTD\IO</Filter>
    </ClInclude>
    <ClInclude Include="includes\BTDSTD\IO\FileInfo.hpp">
      <Filter>includes\BTDSTD\IO</Filter>
    </ClInclude>
    <ClInclude Include="includes\BTDSTD\Input\KeyInput.hpp">
      <Filter>includes\BTDSTD\Input</Filter>
    </ClInclude>
    <ClInclude Include="includes\BTDSTD\Logger.hpp">
      <Filter>includes\BTDSTD</Filter>
    </ClInclude>
    <ClInclude Include="includes\BTDSTD\Maps\IDRegistery.hpp">
      <Filter>includes\BTDSTD\Maps</Filter>
    </ClInclude>
    <ClInclude Include="includes\BTDSTD\Maps\StringIDRegistery.hpp">
      <Filter>includes\BTDSTD\Maps</Filter>
    </ClInclude>
    <ClInclude Include="includes\BTDSTD\String.hpp">
      <Filter>includes\BTDSTD</Filter>
    </ClInclude>
    <ClInclude Include="includes\BTDSTD\Time.hpp">
      <Filter>includes\BTDSTD</Filter>
    </ClInclude>
    <ClInclude Include="includes\BTDSTD\Wireframe\CommandBuffer.hpp">
      <Filter>includes\BTDSTD\Wireframe</Filter>
    </ClInclude>
    <ClInclude Include="includes\BTDSTD\Wireframe\Core\DesktopSwapchain.hpp">
      <Filter>includes\BTDSTD\Wireframe\Core</Filter>
    </ClInclude>
    <ClInclude Include="includes\BTDSTD\Wireframe\Core\DesktopWindow.hpp">
      <Filter>includes\BTDSTD\Wireframe\Core</Filter>
    </ClInclude>
    <ClInclude Include="includes\BTDSTD\Wireframe\Core\GPU.hpp">
      <Filter>includes\BTDSTD\Wireframe\Core</Filter>
    </ClInclude>
    <ClInclude Include="includes\BTDSTD\Wireframe\FrameBuffer.hpp">
      <Filter>includes\BTDSTD\Wireframe</Filter>
    </ClInclude>
    <ClInclude Include="includes\BTDSTD\Wireframe\MeshBuffer.hpp">
      <Filter>includes\BTDSTD\Wireframe</Filter>
    </ClInclude>
    <ClInclude Include="includes\BTDSTD\Wireframe\Pipeline\GraphicsPipeline.hpp">
      <Filter>includes\BTDSTD\Wireframe\Pipeline</Filter>
    </ClInclude>
    <ClInclude Include="includes\BTDSTD\Wireframe\Pipeline\PipelineLayout.hpp">
      <Filter>includes\BTDSTD\Wireframe\Pipeline</Filter>
    </ClInclude>
    <ClInclude Include="includes\BTDSTD\Wireframe\Pipeline\PipelineSettings.hpp">
      <Filter>includes\BTDSTD\Wireframe\Pipeline</Filter>
    </ClInclude>
    <ClInclude Include="includes\BTDSTD\Wireframe\Pipeline\ShaderSerilize.hpp">
      <Filter>includes\BTDSTD\Wireframe\Pipeline</Filter>
    </ClInclude>
    <ClInclude Include="includes\BTDSTD\Wireframe\Pipeline\VertexInputDesc.hpp">
      <Filter>includes\BTDSTD\Wireframe\Pipeline</Filter>
    </ClInclude>
    <ClInclude Include="includes\BTDSTD\Wireframe\Renderpass.hpp">
      <Filter>includes\BTDSTD\Wireframe</Filter>
    </ClInclude>
    <ClInclude Include="includes\BTDSTD\Wireframe\Shader.hpp">
      <Filter>includes\BTDSTD\Wireframe</Filter>
    </ClInclude>
    <ClInclude Include="includes\BTDSTD\Wireframe\SyncObjects.hpp">
      <Filter>includes\BTDSTD\Wireframe</Filter>
    </ClInclude>
    <ClInclude Include="includes\BTDSTD\Wireframe\Util\Attachment.hpp">
      <Filter>includes\BTDSTD\Wireframe\Util</Filter>
    </ClInclude>
    <ClInclude Include="includes\BTDSTD\Wireframe\Util\ShaderStages.hpp">
      <Filter>includes\BTDSTD\Wireframe\Util</Filter>
    </ClInclude>
    <ClInclude Include="includes\BTDSTD\Wireframe\Util\Subpass.hpp">
      <Filter>includes\BTDSTD\Wireframe\Util</Filter>
    </ClInclude>
    <ClInclude Include="includes\BTDSTD\Wireframe\Util\ViewportAndScissorOverload.hpp">
      <Filter>includes\BTDSTD\Wireframe\Util</Filter>
    </ClInclude>
    <ClInclude Include="includes\BTDSTD\Wireframe\vk_initializers.h">
      <Filter>includes\BTDSTD\Wireframe</Filter>
    </ClInclude>
    <ClInclude Include="includes\BTDSTD\Wireframe\vk_mesh.h">
      <Filter>includes\BTDSTD\Wireframe</Filter>
    </ClInclude>
    <ClInclude Include="includes\BTDSTD\Wireframe\vk_types.h">
      <Filter>includes\BTDSTD\Wireframe</Filter>
    </ClInclude>
  </ItemGroup>
  <ItemGroup>
    <ClCompile Include="Venders\VKBootstrap\src\VkBootstrap.cpp">
      <Filter>Venders\VKBootstrap\src</Filter>
    </ClCompile>
    <ClCompile Include="Venders\Volk\volk.c">
      <Filter>Venders\Volk</Filter>
    </ClCompile>
    <ClCompile Include="src\Platform\Windows\FileDialog.cpp">
      <Filter>src\Platform\Windows</Filter>
    </ClCompile>
    <ClCompile Include="src\Source.cpp">
      <Filter>src</Filter>
    </ClCompile>
    <ClCompile Include="src\Time.cpp">
      <Filter>src</Filter>
    </ClCompile>
    <ClCompile Include="src\Wireframe\DesktopWindow.cpp">
      <Filter>src\Wireframe</Filter>
    </ClCompile>
    <ClCompile Include="src\Wireframe\build.cpp">
      <Filter>src\Wireframe</Filter>
    </ClCompile>
    <ClCompile Include="src\Wireframe\vk_initializers.cpp">
      <Filter>src\Wireframe</Filter>
    </ClCompile>
    <ClCompile Include="src\Wireframe\vk_mesh.cpp">
      <Filter>src\Wireframe</Filter>
    </ClCompile>
  </ItemGroup>
</Project>